
Microsoft Visual Studio Solution File, Format Version 12.00
# Visual Studio Version 17
VisualStudioVersion = 17.0.31903.59
MinimumVisualStudioVersion = 10.0.40219.1
Project("{9A19103F-16F7-4668-BE54-9A1E7A4F7556}") = "ClassWork", "ClassWork\ClassWork.csproj", "{37FE510B-155E-46B1-8A70-D20C048E6A1A}"
EndProject
Project("{9A19103F-16F7-4668-BE54-9A1E7A4F7556}") = "ClassWork.Loops", "ClassWork.Loops\ClassWork.Loops.csproj", "{592C9E5A-E212-4DF8-8212-0EFA19EDB744}"
EndProject
Project("{9A19103F-16F7-4668-BE54-9A1E7A4F7556}") = "ClassWork.Methods", "ClassWork.Methods\ClassWork.Methods.csproj", "{93B52A61-579C-4167-A1E2-24D0EEFBC37B}"
EndProject
Project("{9A19103F-16F7-4668-BE54-9A1E7A4F7556}") = "UnitTests", "UnitTests\UnitTests.csproj", "{1EAAEB5C-8840-4ABF-AA2A-3914859FD905}"
EndProject
Project("{9A19103F-16F7-4668-BE54-9A1E7A4F7556}") = "ProcedureTests", "ProcedureTests\ProcedureTests.csproj", "{49666140-71DD-4B70-89F6-BE38B5DCC6C5}"
EndProject
Project("{9A19103F-16F7-4668-BE54-9A1E7A4F7556}") = "OOP.Classes", "OOP.Classes\OOP.Classes.csproj", "{9196B4AF-8552-41B7-A5AD-C2A607367A5C}"
EndProject
Project("{9A19103F-16F7-4668-BE54-9A1E7A4F7556}") = "Labirint", "Labirint\Labirint.csproj", "{6044C58E-121A-4210-B264-97A6234E8A7A}"
EndProject
Project("{FAE04EC0-301F-11D3-BF4B-00C04F79EFBC}") = "CustomerLogger", "CustomerLogger\CustomerLogger.csproj", "{6A555108-BA2C-4CB4-8D27-7E2AB7965A8E}"
EndProject
Project("{FAE04EC0-301F-11D3-BF4B-00C04F79EFBC}") = "CoffeeMachine", "CoffeeMachine\CoffeeMachine.csproj", "{C09A6DAA-7875-4EF3-AA12-2A17E423B5D2}"
EndProject
Project("{FAE04EC0-301F-11D3-BF4B-00C04F79EFBC}") = "Generics", "Generics\Generics.csproj", "{964A3A7F-88C2-48EB-BFDF-DAF68A687A04}"
EndProject
Project("{FAE04EC0-301F-11D3-BF4B-00C04F79EFBC}") = "SportFederation", "SportFederation\SportFederation.csproj", "{FC36511A-B69E-4273-AE79-FF1A748744E3}"
EndProject
Project("{FAE04EC0-301F-11D3-BF4B-00C04F79EFBC}") = "OzonChain", "OzonChain\OzonChain.csproj", "{8692C6F0-951D-4F7C-AA68-50E038143B44}"
EndProject
Project("{FAE04EC0-301F-11D3-BF4B-00C04F79EFBC}") = "Library", "Library\Library.csproj", "{91BBDC5A-1803-4BDF-8F4F-2B64A2412C29}"
EndProject
Project("{FAE04EC0-301F-11D3-BF4B-00C04F79EFBC}") = "MyLinkedList", "MyLinkedList\MyLinkedList.csproj", "{38BA0718-D8FF-44C1-B062-CF16F485FC9F}"
EndProject
Project("{FAE04EC0-301F-11D3-BF4B-00C04F79EFBC}") = "MyStack", "MyStack\MyStack.csproj", "{52C67BC6-B03F-4D2F-8996-1BB2C96657E6}"
EndProject
Project("{FAE04EC0-301F-11D3-BF4B-00C04F79EFBC}") = "ValitParentheses", "ValitParentheses\ValitParentheses.csproj", "{B00A4D80-81B1-4C49-9957-6D801E0DFE30}"
EndProject
Project("{FAE04EC0-301F-11D3-BF4B-00C04F79EFBC}") = "DelegateExample", "DelegateExample\DelegateExample.csproj", "{38DB6BA8-5621-4F26-8541-4052121EAD1A}"
EndProject
Project("{FAE04EC0-301F-11D3-BF4B-00C04F79EFBC}") = "GamesMetacritic", "GamesMetacritic\GamesMetacritic.csproj", "{FBD9377B-B85F-4968-BA15-25CC5C54128B}"
EndProject
Project("{FAE04EC0-301F-11D3-BF4B-00C04F79EFBC}") = "LINQExamples", "LINQExamples\LINQExamples.csproj", "{086A5746-10D7-4CF9-A68E-1EE18B25F38E}"
EndProject
Project("{FAE04EC0-301F-11D3-BF4B-00C04F79EFBC}") = "SortExamples", "SortExamples\SortExamples.csproj", "{C2C0AD4A-D154-4915-8F8C-BB49A539EB37}"
EndProject
Project("{FAE04EC0-301F-11D3-BF4B-00C04F79EFBC}") = "AdapterExample", "AdapterExample\AdapterExample.csproj", "{9673BABF-6BDD-4425-9B7F-14F4544A910E}"
EndProject
Project("{FAE04EC0-301F-11D3-BF4B-00C04F79EFBC}") = "FileWorkExamples", "FileWorkExamples\FileWorkExamples.csproj", "{54B396A2-F702-480D-8CC9-25C5BE0AECA9}"
EndProject
Project("{FAE04EC0-301F-11D3-BF4B-00C04F79EFBC}") = "ParallelTasks", "ParallelTasks\ParallelTasks.csproj", "{0045E29C-4DB2-4333-B5FD-AEBCB40B1252}"
EndProject
Project("{FAE04EC0-301F-11D3-BF4B-00C04F79EFBC}") = "AVLTree", "AVLTree\AVLTree.csproj", "{DA7FDBE3-664A-4517-9E98-6C5A49532120}"
EndProject
Project("{FAE04EC0-301F-11D3-BF4B-00C04F79EFBC}") = "ReflectionExample", "ReflectionExample\ReflectionExample.csproj", "{04446C4A-5CB0-469E-A2CF-F39F67656F18}"
EndProject
Global
	GlobalSection(SolutionConfigurationPlatforms) = preSolution
		Debug|Any CPU = Debug|Any CPU
		Release|Any CPU = Release|Any CPU
	EndGlobalSection
	GlobalSection(ProjectConfigurationPlatforms) = postSolution
		{37FE510B-155E-46B1-8A70-D20C048E6A1A}.Debug|Any CPU.ActiveCfg = Debug|Any CPU
		{37FE510B-155E-46B1-8A70-D20C048E6A1A}.Debug|Any CPU.Build.0 = Debug|Any CPU
		{37FE510B-155E-46B1-8A70-D20C048E6A1A}.Release|Any CPU.ActiveCfg = Release|Any CPU
		{37FE510B-155E-46B1-8A70-D20C048E6A1A}.Release|Any CPU.Build.0 = Release|Any CPU
		{592C9E5A-E212-4DF8-8212-0EFA19EDB744}.Debug|Any CPU.ActiveCfg = Debug|Any CPU
		{592C9E5A-E212-4DF8-8212-0EFA19EDB744}.Debug|Any CPU.Build.0 = Debug|Any CPU
		{592C9E5A-E212-4DF8-8212-0EFA19EDB744}.Release|Any CPU.ActiveCfg = Release|Any CPU
		{592C9E5A-E212-4DF8-8212-0EFA19EDB744}.Release|Any CPU.Build.0 = Release|Any CPU
		{93B52A61-579C-4167-A1E2-24D0EEFBC37B}.Debug|Any CPU.ActiveCfg = Debug|Any CPU
		{93B52A61-579C-4167-A1E2-24D0EEFBC37B}.Debug|Any CPU.Build.0 = Debug|Any CPU
		{93B52A61-579C-4167-A1E2-24D0EEFBC37B}.Release|Any CPU.ActiveCfg = Release|Any CPU
		{93B52A61-579C-4167-A1E2-24D0EEFBC37B}.Release|Any CPU.Build.0 = Release|Any CPU
		{1EAAEB5C-8840-4ABF-AA2A-3914859FD905}.Debug|Any CPU.ActiveCfg = Debug|Any CPU
		{1EAAEB5C-8840-4ABF-AA2A-3914859FD905}.Debug|Any CPU.Build.0 = Debug|Any CPU
		{1EAAEB5C-8840-4ABF-AA2A-3914859FD905}.Release|Any CPU.ActiveCfg = Release|Any CPU
		{1EAAEB5C-8840-4ABF-AA2A-3914859FD905}.Release|Any CPU.Build.0 = Release|Any CPU
		{49666140-71DD-4B70-89F6-BE38B5DCC6C5}.Debug|Any CPU.ActiveCfg = Debug|Any CPU
		{49666140-71DD-4B70-89F6-BE38B5DCC6C5}.Debug|Any CPU.Build.0 = Debug|Any CPU
		{49666140-71DD-4B70-89F6-BE38B5DCC6C5}.Release|Any CPU.ActiveCfg = Release|Any CPU
		{49666140-71DD-4B70-89F6-BE38B5DCC6C5}.Release|Any CPU.Build.0 = Release|Any CPU
		{9196B4AF-8552-41B7-A5AD-C2A607367A5C}.Debug|Any CPU.ActiveCfg = Debug|Any CPU
		{9196B4AF-8552-41B7-A5AD-C2A607367A5C}.Debug|Any CPU.Build.0 = Debug|Any CPU
		{9196B4AF-8552-41B7-A5AD-C2A607367A5C}.Release|Any CPU.ActiveCfg = Release|Any CPU
		{9196B4AF-8552-41B7-A5AD-C2A607367A5C}.Release|Any CPU.Build.0 = Release|Any CPU
		{6044C58E-121A-4210-B264-97A6234E8A7A}.Debug|Any CPU.ActiveCfg = Debug|Any CPU
		{6044C58E-121A-4210-B264-97A6234E8A7A}.Debug|Any CPU.Build.0 = Debug|Any CPU
		{6044C58E-121A-4210-B264-97A6234E8A7A}.Release|Any CPU.ActiveCfg = Release|Any CPU
		{6044C58E-121A-4210-B264-97A6234E8A7A}.Release|Any CPU.Build.0 = Release|Any CPU
		{6A555108-BA2C-4CB4-8D27-7E2AB7965A8E}.Debug|Any CPU.ActiveCfg = Debug|Any CPU
		{6A555108-BA2C-4CB4-8D27-7E2AB7965A8E}.Debug|Any CPU.Build.0 = Debug|Any CPU
		{6A555108-BA2C-4CB4-8D27-7E2AB7965A8E}.Release|Any CPU.ActiveCfg = Release|Any CPU
		{6A555108-BA2C-4CB4-8D27-7E2AB7965A8E}.Release|Any CPU.Build.0 = Release|Any CPU
		{C09A6DAA-7875-4EF3-AA12-2A17E423B5D2}.Debug|Any CPU.ActiveCfg = Debug|Any CPU
		{C09A6DAA-7875-4EF3-AA12-2A17E423B5D2}.Debug|Any CPU.Build.0 = Debug|Any CPU
		{C09A6DAA-7875-4EF3-AA12-2A17E423B5D2}.Release|Any CPU.ActiveCfg = Release|Any CPU
		{C09A6DAA-7875-4EF3-AA12-2A17E423B5D2}.Release|Any CPU.Build.0 = Release|Any CPU
		{964A3A7F-88C2-48EB-BFDF-DAF68A687A04}.Debug|Any CPU.ActiveCfg = Debug|Any CPU
		{964A3A7F-88C2-48EB-BFDF-DAF68A687A04}.Debug|Any CPU.Build.0 = Debug|Any CPU
		{964A3A7F-88C2-48EB-BFDF-DAF68A687A04}.Release|Any CPU.ActiveCfg = Release|Any CPU
		{964A3A7F-88C2-48EB-BFDF-DAF68A687A04}.Release|Any CPU.Build.0 = Release|Any CPU
		{FC36511A-B69E-4273-AE79-FF1A748744E3}.Debug|Any CPU.ActiveCfg = Debug|Any CPU
		{FC36511A-B69E-4273-AE79-FF1A748744E3}.Debug|Any CPU.Build.0 = Debug|Any CPU
		{FC36511A-B69E-4273-AE79-FF1A748744E3}.Release|Any CPU.ActiveCfg = Release|Any CPU
		{FC36511A-B69E-4273-AE79-FF1A748744E3}.Release|Any CPU.Build.0 = Release|Any CPU
		{8692C6F0-951D-4F7C-AA68-50E038143B44}.Debug|Any CPU.ActiveCfg = Debug|Any CPU
		{8692C6F0-951D-4F7C-AA68-50E038143B44}.Debug|Any CPU.Build.0 = Debug|Any CPU
		{8692C6F0-951D-4F7C-AA68-50E038143B44}.Release|Any CPU.ActiveCfg = Release|Any CPU
		{8692C6F0-951D-4F7C-AA68-50E038143B44}.Release|Any CPU.Build.0 = Release|Any CPU
		{91BBDC5A-1803-4BDF-8F4F-2B64A2412C29}.Debug|Any CPU.ActiveCfg = Debug|Any CPU
		{91BBDC5A-1803-4BDF-8F4F-2B64A2412C29}.Debug|Any CPU.Build.0 = Debug|Any CPU
		{91BBDC5A-1803-4BDF-8F4F-2B64A2412C29}.Release|Any CPU.ActiveCfg = Release|Any CPU
		{91BBDC5A-1803-4BDF-8F4F-2B64A2412C29}.Release|Any CPU.Build.0 = Release|Any CPU
		{38BA0718-D8FF-44C1-B062-CF16F485FC9F}.Debug|Any CPU.ActiveCfg = Debug|Any CPU
		{38BA0718-D8FF-44C1-B062-CF16F485FC9F}.Debug|Any CPU.Build.0 = Debug|Any CPU
		{38BA0718-D8FF-44C1-B062-CF16F485FC9F}.Release|Any CPU.ActiveCfg = Release|Any CPU
		{38BA0718-D8FF-44C1-B062-CF16F485FC9F}.Release|Any CPU.Build.0 = Release|Any CPU
		{52C67BC6-B03F-4D2F-8996-1BB2C96657E6}.Debug|Any CPU.ActiveCfg = Debug|Any CPU
		{52C67BC6-B03F-4D2F-8996-1BB2C96657E6}.Debug|Any CPU.Build.0 = Debug|Any CPU
		{52C67BC6-B03F-4D2F-8996-1BB2C96657E6}.Release|Any CPU.ActiveCfg = Release|Any CPU
		{52C67BC6-B03F-4D2F-8996-1BB2C96657E6}.Release|Any CPU.Build.0 = Release|Any CPU
		{B00A4D80-81B1-4C49-9957-6D801E0DFE30}.Debug|Any CPU.ActiveCfg = Debug|Any CPU
		{B00A4D80-81B1-4C49-9957-6D801E0DFE30}.Debug|Any CPU.Build.0 = Debug|Any CPU
		{B00A4D80-81B1-4C49-9957-6D801E0DFE30}.Release|Any CPU.ActiveCfg = Release|Any CPU
		{B00A4D80-81B1-4C49-9957-6D801E0DFE30}.Release|Any CPU.Build.0 = Release|Any CPU
		{38DB6BA8-5621-4F26-8541-4052121EAD1A}.Debug|Any CPU.ActiveCfg = Debug|Any CPU
		{38DB6BA8-5621-4F26-8541-4052121EAD1A}.Debug|Any CPU.Build.0 = Debug|Any CPU
		{38DB6BA8-5621-4F26-8541-4052121EAD1A}.Release|Any CPU.ActiveCfg = Release|Any CPU
		{38DB6BA8-5621-4F26-8541-4052121EAD1A}.Release|Any CPU.Build.0 = Release|Any CPU
		{FBD9377B-B85F-4968-BA15-25CC5C54128B}.Debug|Any CPU.ActiveCfg = Debug|Any CPU
		{FBD9377B-B85F-4968-BA15-25CC5C54128B}.Debug|Any CPU.Build.0 = Debug|Any CPU
		{FBD9377B-B85F-4968-BA15-25CC5C54128B}.Release|Any CPU.ActiveCfg = Release|Any CPU
		{FBD9377B-B85F-4968-BA15-25CC5C54128B}.Release|Any CPU.Build.0 = Release|Any CPU
		{086A5746-10D7-4CF9-A68E-1EE18B25F38E}.Debug|Any CPU.ActiveCfg = Debug|Any CPU
		{086A5746-10D7-4CF9-A68E-1EE18B25F38E}.Debug|Any CPU.Build.0 = Debug|Any CPU
		{086A5746-10D7-4CF9-A68E-1EE18B25F38E}.Release|Any CPU.ActiveCfg = Release|Any CPU
		{086A5746-10D7-4CF9-A68E-1EE18B25F38E}.Release|Any CPU.Build.0 = Release|Any CPU
		{C2C0AD4A-D154-4915-8F8C-BB49A539EB37}.Debug|Any CPU.ActiveCfg = Debug|Any CPU
		{C2C0AD4A-D154-4915-8F8C-BB49A539EB37}.Debug|Any CPU.Build.0 = Debug|Any CPU
		{C2C0AD4A-D154-4915-8F8C-BB49A539EB37}.Release|Any CPU.ActiveCfg = Release|Any CPU
		{C2C0AD4A-D154-4915-8F8C-BB49A539EB37}.Release|Any CPU.Build.0 = Release|Any CPU
		{9673BABF-6BDD-4425-9B7F-14F4544A910E}.Debug|Any CPU.ActiveCfg = Debug|Any CPU
		{9673BABF-6BDD-4425-9B7F-14F4544A910E}.Debug|Any CPU.Build.0 = Debug|Any CPU
		{9673BABF-6BDD-4425-9B7F-14F4544A910E}.Release|Any CPU.ActiveCfg = Release|Any CPU
		{9673BABF-6BDD-4425-9B7F-14F4544A910E}.Release|Any CPU.Build.0 = Release|Any CPU
		{54B396A2-F702-480D-8CC9-25C5BE0AECA9}.Debug|Any CPU.ActiveCfg = Debug|Any CPU
		{54B396A2-F702-480D-8CC9-25C5BE0AECA9}.Debug|Any CPU.Build.0 = Debug|Any CPU
		{54B396A2-F702-480D-8CC9-25C5BE0AECA9}.Release|Any CPU.ActiveCfg = Release|Any CPU
		{54B396A2-F702-480D-8CC9-25C5BE0AECA9}.Release|Any CPU.Build.0 = Release|Any CPU
		{0045E29C-4DB2-4333-B5FD-AEBCB40B1252}.Debug|Any CPU.ActiveCfg = Debug|Any CPU
		{0045E29C-4DB2-4333-B5FD-AEBCB40B1252}.Debug|Any CPU.Build.0 = Debug|Any CPU
		{0045E29C-4DB2-4333-B5FD-AEBCB40B1252}.Release|Any CPU.ActiveCfg = Release|Any CPU
		{0045E29C-4DB2-4333-B5FD-AEBCB40B1252}.Release|Any CPU.Build.0 = Release|Any CPU
		{DA7FDBE3-664A-4517-9E98-6C5A49532120}.Debug|Any CPU.ActiveCfg = Debug|Any CPU
		{DA7FDBE3-664A-4517-9E98-6C5A49532120}.Debug|Any CPU.Build.0 = Debug|Any CPU
		{DA7FDBE3-664A-4517-9E98-6C5A49532120}.Release|Any CPU.ActiveCfg = Release|Any CPU
		{DA7FDBE3-664A-4517-9E98-6C5A49532120}.Release|Any CPU.Build.0 = Release|Any CPU
		{04446C4A-5CB0-469E-A2CF-F39F67656F18}.Debug|Any CPU.ActiveCfg = Debug|Any CPU
		{04446C4A-5CB0-469E-A2CF-F39F67656F18}.Debug|Any CPU.Build.0 = Debug|Any CPU
		{04446C4A-5CB0-469E-A2CF-F39F67656F18}.Release|Any CPU.ActiveCfg = Release|Any CPU
		{04446C4A-5CB0-469E-A2CF-F39F67656F18}.Release|Any CPU.Build.0 = Release|Any CPU
	EndGlobalSection
	GlobalSection(SolutionProperties) = preSolution
		HideSolutionNode = FALSE
	EndGlobalSection
	GlobalSection(ExtensibilityGlobals) = postSolution
		SolutionGuid = {6B23BFBA-B20C-4801-ACED-8F76369A0711}
	EndGlobalSection
EndGlobal
